
Microsoft Visual Studio Solution File, Format Version 12.00
# Visual Studio Version 16
VisualStudioVersion = 16.0.30104.148
MinimumVisualStudioVersion = 10.0.40219.1
Project("{FAE04EC0-301F-11D3-BF4B-00C04F79EFBC}") = "StateStatsExtractor", "StateStatsExtractor\StateStatsExtractor.csproj", "{09B13398-EC99-456F-A7DB-3451638D33DE}"
EndProject
Global
	GlobalSection(SolutionConfigurationPlatforms) = preSolution
		Debug|Any CPU = Debug|Any CPU
		Release|Any CPU = Release|Any CPU
	EndGlobalSection
	GlobalSection(ProjectConfigurationPlatforms) = postSolution
		{09B13398-EC99-456F-A7DB-3451638D33DE}.Debug|Any CPU.ActiveCfg = Debug|Any CPU
		{09B13398-EC99-456F-A7DB-3451638D33DE}.Debug|Any CPU.Build.0 = Debug|Any CPU
		{09B13398-EC99-456F-A7DB-3451638D33DE}.Release|Any CPU.ActiveCfg = Release|Any CPU
		{09B13398-EC99-456F-A7DB-3451638D33DE}.Release|Any CPU.Build.0 = Release|Any CPU
	EndGlobalSection
	GlobalSection(SolutionProperties) = preSolution
		HideSolutionNode = FALSE
	EndGlobalSection
	GlobalSection(ExtensibilityGlobals) = postSolution
		SolutionGuid = {BEB8C4F8-3A7A-46D8-A096-7C800D786B76}
	EndGlobalSection
EndGlobal
